// !$*UTF8*$!
{
	archiveVersion = 1;
	classes = {
	};
	objectVersion = 46;
	objects = {

/* Begin PBXBuildFile section */
		A0EBCB961D72F120009021CE /* AppDelegate.swift in Sources */ = {isa = PBXBuildFile; fileRef = A0EBCB951D72F120009021CE /* AppDelegate.swift */; };
		A0EBCB981D72F120009021CE /* ViewController.swift in Sources */ = {isa = PBXBuildFile; fileRef = A0EBCB971D72F120009021CE /* ViewController.swift */; };
		A0EBCB9B1D72F120009021CE /* Main.storyboard in Resources */ = {isa = PBXBuildFile; fileRef = A0EBCB991D72F120009021CE /* Main.storyboard */; };
		A0EBCB9D1D72F120009021CE /* Assets.xcassets in Resources */ = {isa = PBXBuildFile; fileRef = A0EBCB9C1D72F120009021CE /* Assets.xcassets */; };
		A0EBCBA01D72F120009021CE /* LaunchScreen.storyboard in Resources */ = {isa = PBXBuildFile; fileRef = A0EBCB9E1D72F120009021CE /* LaunchScreen.storyboard */; };
		A0EBCBA81D72F17B009021CE /* CustomTextView.swift in Sources */ = {isa = PBXBuildFile; fileRef = A0EBCBA71D72F17B009021CE /* CustomTextView.swift */; };
		A0EBCBAA1D72F1F8009021CE /* CustomSendBarView.swift in Sources */ = {isa = PBXBuildFile; fileRef = A0EBCBA91D72F1F8009021CE /* CustomSendBarView.swift */; };
		A0EBCBAC1D72F227009021CE /* KeyboardObserver.swift in Sources */ = {isa = PBXBuildFile; fileRef = A0EBCBAB1D72F227009021CE /* KeyboardObserver.swift */; };
		A0EBCBAE1D735DBE009021CE /* CustomSendBarView.xib in Resources */ = {isa = PBXBuildFile; fileRef = A0EBCBAD1D735DBE009021CE /* CustomSendBarView.xib */; };
/* End PBXBuildFile section */

/* Begin PBXFileReference section */
		A0EBCB921D72F120009021CE /* workingSendBar.app */ = {isa = PBXFileReference; explicitFileType = wrapper.application; includeInIndex = 0; path = workingSendBar.app; sourceTree = BUILT_PRODUCTS_DIR; };
		A0EBCB951D72F120009021CE /* AppDelegate.swift */ = {isa = PBXFileReference; lastKnownFileType = sourcecode.swift; path = AppDelegate.swift; sourceTree = "<group>"; };
		A0EBCB971D72F120009021CE /* ViewController.swift */ = {isa = PBXFileReference; lastKnownFileType = sourcecode.swift; path = ViewController.swift; sourceTree = "<group>"; };
		A0EBCB9A1D72F120009021CE /* Base */ = {isa = PBXFileReference; lastKnownFileType = file.storyboard; name = Base; path = Base.lproj/Main.storyboard; sourceTree = "<group>"; };
		A0EBCB9C1D72F120009021CE /* Assets.xcassets */ = {isa = PBXFileReference; lastKnownFileType = folder.assetcatalog; path = Assets.xcassets; sourceTree = "<group>"; };
		A0EBCB9F1D72F120009021CE /* Base */ = {isa = PBXFileReference; lastKnownFileType = file.storyboard; name = Base; path = Base.lproj/LaunchScreen.storyboard; sourceTree = "<group>"; };
		A0EBCBA11D72F120009021CE /* Info.plist */ = {isa = PBXFileReference; lastKnownFileType = text.plist.xml; path = Info.plist; sourceTree = "<group>"; };
		A0EBCBA71D72F17B009021CE /* CustomTextView.swift */ = {isa = PBXFileReference; fileEncoding = 4; lastKnownFileType = sourcecode.swift; path = CustomTextView.swift; sourceTree = "<group>"; };
		A0EBCBA91D72F1F8009021CE /* CustomSendBarView.swift */ = {isa = PBXFileReference; fileEncoding = 4; lastKnownFileType = sourcecode.swift; path = CustomSendBarView.swift; sourceTree = "<group>"; };
		A0EBCBAB1D72F227009021CE /* KeyboardObserver.swift */ = {isa = PBXFileReference; fileEncoding = 4; lastKnownFileType = sourcecode.swift; path = KeyboardObserver.swift; sourceTree = "<group>"; };
		A0EBCBAD1D735DBE009021CE /* CustomSendBarView.xib */ = {isa = PBXFileReference; fileEncoding = 4; lastKnownFileType = file.xib; path = CustomSendBarView.xib; sourceTree = "<group>"; };
/* End PBXFileReference section */

/* Begin PBXFrameworksBuildPhase section */
		A0EBCB8F1D72F120009021CE /* Frameworks */ = {
			isa = PBXFrameworksBuildPhase;
			buildActionMask = 2147483647;
			files = (
			);
			runOnlyForDeploymentPostprocessing = 0;
		};
/* End PBXFrameworksBuildPhase section */

/* Begin PBXGroup section */
		A0EBCB891D72F120009021CE = {
			isa = PBXGroup;
			children = (
				A0EBCB941D72F120009021CE /* workingSendBar */,
				A0EBCB931D72F120009021CE /* Products */,
			);
			sourceTree = "<group>";
		};
		A0EBCB931D72F120009021CE /* Products */ = {
			isa = PBXGroup;
			children = (
				A0EBCB921D72F120009021CE /* workingSendBar.app */,
			);
			name = Products;
			sourceTree = "<group>";
		};
		A0EBCB941D72F120009021CE /* workingSendBar */ = {
			isa = PBXGroup;
			children = (
				A0EBCB951D72F120009021CE /* AppDelegate.swift */,
				A0EBCB971D72F120009021CE /* ViewController.swift */,
				A0EBCBA71D72F17B009021CE /* CustomTextView.swift */,
				A0EBCBA91D72F1F8009021CE /* CustomSendBarView.swift */,
				A0EBCBAD1D735DBE009021CE /* CustomSendBarView.xib */,
				A0EBCBAB1D72F227009021CE /* KeyboardObserver.swift */,
				A0EBCB991D72F120009021CE /* Main.storyboard */,
				A0EBCB9C1D72F120009021CE /* Assets.xcassets */,
				A0EBCB9E1D72F120009021CE /* LaunchScreen.storyboard */,
				A0EBCBA11D72F120009021CE /* Info.plist */,
			);
			path = workingSendBar;
			sourceTree = "<group>";
		};
/* End PBXGroup section */

/* Begin PBXNativeTarget section */
		A0EBCB911D72F120009021CE /* workingSendBar */ = {
			isa = PBXNativeTarget;
			buildConfigurationList = A0EBCBA41D72F120009021CE /* Build configuration list for PBXNativeTarget "workingSendBar" */;
			buildPhases = (
				A0EBCB8E1D72F120009021CE /* Sources */,
				A0EBCB8F1D72F120009021CE /* Frameworks */,
				A0EBCB901D72F120009021CE /* Resources */,
			);
			buildRules = (
			);
			dependencies = (
			);
			name = workingSendBar;
			productName = workingSendBar;
			productReference = A0EBCB921D72F120009021CE /* workingSendBar.app */;
			productType = "com.apple.product-type.application";
		};
/* End PBXNativeTarget section */

/* Begin PBXProject section */
		A0EBCB8A1D72F120009021CE /* Project object */ = {
			isa = PBXProject;
			attributes = {
				LastSwiftUpdateCheck = 0730;
				LastUpgradeCheck = 0730;
				ORGANIZATIONNAME = "Subash Dantuluri";
				TargetAttributes = {
					A0EBCB911D72F120009021CE = {
						CreatedOnToolsVersion = 7.3;
					};
				};
			};
			buildConfigurationList = A0EBCB8D1D72F120009021CE /* Build configuration list for PBXProject "workingSendBar" */;
			compatibilityVersion = "Xcode 3.2";
			developmentRegion = English;
			hasScannedForEncodings = 0;
			knownRegions = (
				en,
				Base,
			);
			mainGroup = A0EBCB891D72F120009021CE;
			productRefGroup = A0EBCB931D72F120009021CE /* Products */;
			projectDirPath = "";
			projectRoot = "";
			targets = (
				A0EBCB911D72F120009021CE /* workingSendBar */,
			);
		};
/* End PBXProject section */

/* Begin PBXResourcesBuildPhase section */
		A0EBCB901D72F120009021CE /* Resources */ = {
			isa = PBXResourcesBuildPhase;
			buildActionMask = 2147483647;
			files = (
				A0EBCBA01D72F120009021CE /* LaunchScreen.storyboard in Resources */,
				A0EBCB9D1D72F120009021CE /* Assets.xcassets in Resources */,
				A0EBCB9B1D72F120009021CE /* Main.storyboard in Resources */,
				A0EBCBAE1D735DBE009021CE /* CustomSendBarView.xib in Resources */,
			);
			runOnlyForDeploymentPostprocessing = 0;
		};
/* End PBXResourcesBuildPhase section */

/* Begin PBXSourcesBuildPhase section */
		A0EBCB8E1D72F120009021CE /* Sources */ = {
			isa = PBXSourcesBuildPhase;
			buildActionMask = 2147483647;
			files = (
				A0EBCBAC1D72F227009021CE /* KeyboardObserver.swift in Sources */,
				A0EBCB981D72F120009021CE /* ViewController.swift in Sources */,
				A0EBCB961D72F120009021CE /* AppDelegate.swift in Sources */,
				A0EBCBA81D72F17B009021CE /* CustomTextView.swift in Sources */,
				A0EBCBAA1D72F1F8009021CE /* CustomSendBarView.swift in Sources */,
			);
			runOnlyForDeploymentPostprocessing = 0;
		};
/* End PBXSourcesBuildPhase section */

/* Begin PBXVariantGroup section */
		A0EBCB991D72F120009021CE /* Main.storyboard */ = {
			isa = PBXVariantGroup;
			children = (
				A0EBCB9A1D72F120009021CE /* Base */,
			);
			name = Main.storyboard;
			sourceTree = "<group>";
		};
		A0EBCB9E1D72F120009021CE /* LaunchScreen.storyboard */ = {
			isa = PBXVariantGroup;
			children = (
				A0EBCB9F1D72F120009021CE /* Base */,
			);
			name = LaunchScreen.storyboard;
			sourceTree = "<group>";
		};
/* End PBXVariantGroup section */

/* Begin XCBuildConfiguration section */
		A0EBCBA21D72F120009021CE /* Debug */ = {
			isa = XCBuildConfiguration;
			buildSettings = {
				ALWAYS_SEARCH_USER_PATHS = NO;
				CLANG_ANALYZER_NONNULL = YES;
				CLANG_CXX_LANGUAGE_STANDARD = "gnu++0x";
				CLANG_CXX_LIBRARY = "libc++";
				CLANG_ENABLE_MODULES = YES;
				CLANG_ENABLE_OBJC_ARC = YES;
				CLANG_WARN_BOOL_CONVERSION = YES;
				CLANG_WARN_CONSTANT_CONVERSION = YES;
				CLANG_WARN_DIRECT_OBJC_ISA_USAGE = YES_ERROR;
				CLANG_WARN_EMPTY_BODY = YES;
				CLANG_WARN_ENUM_CONVERSION = YES;
				CLANG_WARN_INT_CONVERSION = YES;
				CLANG_WARN_OBJC_ROOT_CLASS = YES_ERROR;
				CLANG_WARN_UNREACHABLE_CODE = YES;
				CLANG_WARN__DUPLICATE_METHOD_MATCH = YES;
				"CODE_SIGN_IDENTITY[sdk=iphoneos*]" = "iPhone Developer";
				COPY_PHASE_STRIP = NO;
				DEBUG_INFORMATION_FORMAT = dwarf;
				ENABLE_STRICT_OBJC_MSGSEND = YES;
				ENABLE_TESTABILITY = YES;
				GCC_C_LANGUAGE_STANDARD = gnu99;
				GCC_DYNAMIC_NO_PIC = NO;
				GCC_NO_COMMON_BLOCKS = YES;
				GCC_OPTIMIZATION_LEVEL = 0;
				GCC_PREPROCESSOR_DEFINITIONS = (
					"DEBUG=1",
					"$(inherited)",
				);
				GCC_WARN_64_TO_32_BIT_CONVERSION = YES;
				GCC_WARN_ABOUT_RETURN_TYPE = YES_ERROR;
				GCC_WARN_UNDECLARED_SELECTOR = YES;
				GCC_WARN_UNINITIALIZED_AUTOS = YES_AGGRESSIVE;
				GCC_WARN_UNUSED_FUNCTION = YES;
				GCC_WARN_UNUSED_VARIABLE = YES;
				IPHONEOS_DEPLOYMENT_TARGET = 9.3;
				MTL_ENABLE_DEBUG_INFO = YES;
				ONLY_ACTIVE_ARCH = YES;
				SDKROOT = iphoneos;
				SWIFT_OPTIMIZATION_LEVEL = "-Onone";
				TARGETED_DEVICE_FAMILY = "1,2";
			};
			name = Debug;
		};
		A0EBCBA31D72F120009021CE /* Release */ = {
			isa = XCBuildConfiguration;
			buildSettings = {
				ALWAYS_SEARCH_USER_PATHS = NO;
				CLANG_ANALYZER_NONNULL = YES;
				CLANG_CXX_LANGUAGE_STANDARD = "gnu++0x";
				CLANG_CXX_LIBRARY = "libc++";
				CLANG_ENABLE_MODULES = YES;
				CLANG_ENABLE_OBJC_ARC = YES;
				CLANG_WARN_BOOL_CONVERSION = YES;
				CLANG_WARN_CONSTANT_CONVERSION = YES;
				CLANG_WARN_DIRECT_OBJC_ISA_USAGE = YES_ERROR;
				CLANG_WARN_EMPTY_BODY = YES;
				CLANG_WARN_ENUM_CONVERSION = YES;
				CLANG_WARN_INT_CONVERSION = YES;
				CLANG_WARN_OBJC_ROOT_CLASS = YES_ERROR;
				CLANG_WARN_UNREACHABLE_CODE = YES;
				CLANG_WARN__DUPLICATE_METHOD_MATCH = YES;
				"CODE_SIGN_IDENTITY[sdk=iphoneos*]" = "iPhone Developer";
				COPY_PHASE_STRIP = NO;
				DEBUG_INFORMATION_FORMAT = "dwarf-with-dsym";
				ENABLE_NS_ASSERTIONS = NO;
				ENABLE_STRICT_OBJC_MSGSEND = YES;
				GCC_C_LANGUAGE_STANDARD = gnu99;
				GCC_NO_COMMON_BLOCKS = YES;
				GCC_WARN_64_TO_32_BIT_CONVERSION = YES;
				GCC_WARN_ABOUT_RETURN_TYPE = YES_ERROR;
				GCC_WARN_UNDECLARED_SELECTOR = YES;
				GCC_WARN_UNINITIALIZED_AUTOS = YES_AGGRESSIVE;
				GCC_WARN_UNUSED_FUNCTION = YES;
				GCC_WARN_UNUSED_VARIABLE = YES;
				IPHONEOS_DEPLOYMENT_TARGET = 9.3;
				MTL_ENABLE_DEBUG_INFO = NO;
				SDKROOT = iphoneos;
				TARGETED_DEVICE_FAMILY = "1,2";
				VALIDATE_PRODUCT = YES;
			};
			name = Release;
		};
		A0EBCBA51D72F120009021CE /* Debug */ = {
			isa = XCBuildConfiguration;
			buildSettings = {
				ASSETCATALOG_COMPILER_APPICON_NAME = AppIcon;
				INFOPLIST_FILE = workingSendBar/Info.plist;
				LD_RUNPATH_SEARCH_PATHS = "$(inherited) @executable_path/Frameworks";
				PRODUCT_BUNDLE_IDENTIFIER = Apple.workingSendBar;
				PRODUCT_NAME = "$(TARGET_NAME)";
			};
			name = Debug;
		};
		A0EBCBA61D72F120009021CE /* Release */ = {
			isa = XCBuildConfiguration;
			buildSettings = {
				ASSETCATALOG_COMPILER_APPICON_NAME = AppIcon;
				INFOPLIST_FILE = workingSendBar/Info.plist;
				LD_RUNPATH_SEARCH_PATHS = "$(inherited) @executable_path/Frameworks";
				PRODUCT_BUNDLE_IDENTIFIER = Apple.workingSendBar;
				PRODUCT_NAME = "$(TARGET_NAME)";
			};
			name = Release;
		};
/* End XCBuildConfiguration section */

/* Begin XCConfigurationList section */
		A0EBCB8D1D72F120009021CE /* Build configuration list for PBXProject "workingSendBar" */ = {
			isa = XCConfigurationList;
			buildConfigurations = (
				A0EBCBA21D72F120009021CE /* Debug */,
				A0EBCBA31D72F120009021CE /* Release */,
			);
			defaultConfigurationIsVisible = 0;
			defaultConfigurationName = Release;
		};
		A0EBCBA41D72F120009021CE /* Build configuration list for PBXNativeTarget "workingSendBar" */ = {
			isa = XCConfigurationList;
			buildConfigurations = (
				A0EBCBA51D72F120009021CE /* Debug */,
				A0EBCBA61D72F120009021CE /* Release */,
			);
			defaultConfigurationIsVisible = 0;
		};
/* End XCConfigurationList section */
	};
	rootObject = A0EBCB8A1D72F120009021CE /* Project object */;
}
